
Microsoft Visual Studio Solution File, Format Version 12.00
# Visual Studio Version 17
VisualStudioVersion = 17.9.34728.123
MinimumVisualStudioVersion = 10.0.40219.1
Project("{FAE04EC0-301F-11D3-BF4B-00C04F79EFBC}") = "ExercicioLista", "ExercicioLista\ExercicioLista.csproj", "{D10CF331-4C7C-4379-A115-C7630C59E887}"
EndProject
Global
	GlobalSection(SolutionConfigurationPlatforms) = preSolution
		Debug|Any CPU = Debug|Any CPU
		Release|Any CPU = Release|Any CPU
	EndGlobalSection
	GlobalSection(ProjectConfigurationPlatforms) = postSolution
		{D10CF331-4C7C-4379-A115-C7630C59E887}.Debug|Any CPU.ActiveCfg = Debug|Any CPU
		{D10CF331-4C7C-4379-A115-C7630C59E887}.Debug|Any CPU.Build.0 = Debug|Any CPU
		{D10CF331-4C7C-4379-A115-C7630C59E887}.Release|Any CPU.ActiveCfg = Release|Any CPU
		{D10CF331-4C7C-4379-A115-C7630C59E887}.Release|Any CPU.Build.0 = Release|Any CPU
	EndGlobalSection
	GlobalSection(SolutionProperties) = preSolution
		HideSolutionNode = FALSE
	EndGlobalSection
	GlobalSection(ExtensibilityGlobals) = postSolution
		SolutionGuid = {B415663D-D8BF-4FBF-8005-18D96B67C3B4}
	EndGlobalSection
EndGlobal
