
Microsoft Visual Studio Solution File, Format Version 12.00
# Visual Studio Version 17
VisualStudioVersion = 17.9.34728.123
MinimumVisualStudioVersion = 10.0.40219.1
Project("{FAE04EC0-301F-11D3-BF4B-00C04F79EFBC}") = "MembrosEstaticosEx1", "MembrosEstaticosEx1\MembrosEstaticosEx1.csproj", "{AC6D554C-B71E-4B16-91A2-10B909C8DB52}"
EndProject
Global
	GlobalSection(SolutionConfigurationPlatforms) = preSolution
		Debug|Any CPU = Debug|Any CPU
		Release|Any CPU = Release|Any CPU
	EndGlobalSection
	GlobalSection(ProjectConfigurationPlatforms) = postSolution
		{AC6D554C-B71E-4B16-91A2-10B909C8DB52}.Debug|Any CPU.ActiveCfg = Debug|Any CPU
		{AC6D554C-B71E-4B16-91A2-10B909C8DB52}.Debug|Any CPU.Build.0 = Debug|Any CPU
		{AC6D554C-B71E-4B16-91A2-10B909C8DB52}.Release|Any CPU.ActiveCfg = Release|Any CPU
		{AC6D554C-B71E-4B16-91A2-10B909C8DB52}.Release|Any CPU.Build.0 = Release|Any CPU
	EndGlobalSection
	GlobalSection(SolutionProperties) = preSolution
		HideSolutionNode = FALSE
	EndGlobalSection
	GlobalSection(ExtensibilityGlobals) = postSolution
		SolutionGuid = {737E15B8-31D4-45D4-A6A5-5D84BA835EF8}
	EndGlobalSection
EndGlobal
