
Microsoft Visual Studio Solution File, Format Version 12.00
# Visual Studio Version 17
VisualStudioVersion = 17.9.34728.123
MinimumVisualStudioVersion = 10.0.40219.1
Project("{FAE04EC0-301F-11D3-BF4B-00C04F79EFBC}") = "MembrosEstaticos2", "MembrosEstaticos2\MembrosEstaticos2.csproj", "{6E835663-ED8F-449E-9F56-40D7CA0C4D1B}"
EndProject
Global
	GlobalSection(SolutionConfigurationPlatforms) = preSolution
		Debug|Any CPU = Debug|Any CPU
		Release|Any CPU = Release|Any CPU
	EndGlobalSection
	GlobalSection(ProjectConfigurationPlatforms) = postSolution
		{6E835663-ED8F-449E-9F56-40D7CA0C4D1B}.Debug|Any CPU.ActiveCfg = Debug|Any CPU
		{6E835663-ED8F-449E-9F56-40D7CA0C4D1B}.Debug|Any CPU.Build.0 = Debug|Any CPU
		{6E835663-ED8F-449E-9F56-40D7CA0C4D1B}.Release|Any CPU.ActiveCfg = Release|Any CPU
		{6E835663-ED8F-449E-9F56-40D7CA0C4D1B}.Release|Any CPU.Build.0 = Release|Any CPU
	EndGlobalSection
	GlobalSection(SolutionProperties) = preSolution
		HideSolutionNode = FALSE
	EndGlobalSection
	GlobalSection(ExtensibilityGlobals) = postSolution
		SolutionGuid = {4BC15BED-0A87-44E9-A8B4-03A98EF43AED}
	EndGlobalSection
EndGlobal
