
Microsoft Visual Studio Solution File, Format Version 12.00
# Visual Studio Version 17
VisualStudioVersion = 17.9.34728.123
MinimumVisualStudioVersion = 10.0.40219.1
Project("{FAE04EC0-301F-11D3-BF4B-00C04F79EFBC}") = "ExercicioProduto", "ExercicioProduto\ExercicioProduto.csproj", "{4A499D8E-5C31-4EE8-ACA7-58C9848F5D6A}"
EndProject
Global
	GlobalSection(SolutionConfigurationPlatforms) = preSolution
		Debug|Any CPU = Debug|Any CPU
		Release|Any CPU = Release|Any CPU
	EndGlobalSection
	GlobalSection(ProjectConfigurationPlatforms) = postSolution
		{4A499D8E-5C31-4EE8-ACA7-58C9848F5D6A}.Debug|Any CPU.ActiveCfg = Debug|Any CPU
		{4A499D8E-5C31-4EE8-ACA7-58C9848F5D6A}.Debug|Any CPU.Build.0 = Debug|Any CPU
		{4A499D8E-5C31-4EE8-ACA7-58C9848F5D6A}.Release|Any CPU.ActiveCfg = Release|Any CPU
		{4A499D8E-5C31-4EE8-ACA7-58C9848F5D6A}.Release|Any CPU.Build.0 = Release|Any CPU
	EndGlobalSection
	GlobalSection(SolutionProperties) = preSolution
		HideSolutionNode = FALSE
	EndGlobalSection
	GlobalSection(ExtensibilityGlobals) = postSolution
		SolutionGuid = {FD0F4519-4E78-419E-9BC6-D3781E1E0CCB}
	EndGlobalSection
EndGlobal
